
Microsoft Visual Studio Solution File, Format Version 12.00
# Visual Studio Version 16
VisualStudioVersion = 16.0.31624.102
MinimumVisualStudioVersion = 10.0.40219.1
Project("{FAE04EC0-301F-11D3-BF4B-00C04F79EFBC}") = "TodoList.Entities", "TodoList.Entities\TodoList.Entities.csproj", "{450A8AF7-3BCE-4C9F-8A71-B0B47EE7744C}"
EndProject
Project("{FAE04EC0-301F-11D3-BF4B-00C04F79EFBC}") = "TodoList.DataAccess", "TodoList.DataAccess\TodoList.DataAccess.csproj", "{93E29014-EFB2-4AE2-8326-163535F712E3}"
EndProject
Project("{FAE04EC0-301F-11D3-BF4B-00C04F79EFBC}") = "TodoList.Core", "TodoList.Core\TodoList.Core.csproj", "{051C1FEF-C67B-4968-A924-53C595422C0A}"
EndProject
Project("{FAE04EC0-301F-11D3-BF4B-00C04F79EFBC}") = "TodoList.Business", "TodoList.Business\TodoList.Business.csproj", "{6FED57E6-D23C-43AC-82E7-2AFA39B716BD}"
EndProject
Project("{FAE04EC0-301F-11D3-BF4B-00C04F79EFBC}") = "TodoList.API", "TodoList.API\TodoList.API.csproj", "{AEE32F38-DC04-4FFB-B92A-66293175F778}"
EndProject
Global
	GlobalSection(SolutionConfigurationPlatforms) = preSolution
		Debug|Any CPU = Debug|Any CPU
		Release|Any CPU = Release|Any CPU
	EndGlobalSection
	GlobalSection(ProjectConfigurationPlatforms) = postSolution
		{450A8AF7-3BCE-4C9F-8A71-B0B47EE7744C}.Debug|Any CPU.ActiveCfg = Debug|Any CPU
		{450A8AF7-3BCE-4C9F-8A71-B0B47EE7744C}.Debug|Any CPU.Build.0 = Debug|Any CPU
		{450A8AF7-3BCE-4C9F-8A71-B0B47EE7744C}.Release|Any CPU.ActiveCfg = Release|Any CPU
		{450A8AF7-3BCE-4C9F-8A71-B0B47EE7744C}.Release|Any CPU.Build.0 = Release|Any CPU
		{93E29014-EFB2-4AE2-8326-163535F712E3}.Debug|Any CPU.ActiveCfg = Debug|Any CPU
		{93E29014-EFB2-4AE2-8326-163535F712E3}.Debug|Any CPU.Build.0 = Debug|Any CPU
		{93E29014-EFB2-4AE2-8326-163535F712E3}.Release|Any CPU.ActiveCfg = Release|Any CPU
		{93E29014-EFB2-4AE2-8326-163535F712E3}.Release|Any CPU.Build.0 = Release|Any CPU
		{051C1FEF-C67B-4968-A924-53C595422C0A}.Debug|Any CPU.ActiveCfg = Debug|Any CPU
		{051C1FEF-C67B-4968-A924-53C595422C0A}.Debug|Any CPU.Build.0 = Debug|Any CPU
		{051C1FEF-C67B-4968-A924-53C595422C0A}.Release|Any CPU.ActiveCfg = Release|Any CPU
		{051C1FEF-C67B-4968-A924-53C595422C0A}.Release|Any CPU.Build.0 = Release|Any CPU
		{6FED57E6-D23C-43AC-82E7-2AFA39B716BD}.Debug|Any CPU.ActiveCfg = Debug|Any CPU
		{6FED57E6-D23C-43AC-82E7-2AFA39B716BD}.Debug|Any CPU.Build.0 = Debug|Any CPU
		{6FED57E6-D23C-43AC-82E7-2AFA39B716BD}.Release|Any CPU.ActiveCfg = Release|Any CPU
		{6FED57E6-D23C-43AC-82E7-2AFA39B716BD}.Release|Any CPU.Build.0 = Release|Any CPU
		{AEE32F38-DC04-4FFB-B92A-66293175F778}.Debug|Any CPU.ActiveCfg = Debug|Any CPU
		{AEE32F38-DC04-4FFB-B92A-66293175F778}.Debug|Any CPU.Build.0 = Debug|Any CPU
		{AEE32F38-DC04-4FFB-B92A-66293175F778}.Release|Any CPU.ActiveCfg = Release|Any CPU
		{AEE32F38-DC04-4FFB-B92A-66293175F778}.Release|Any CPU.Build.0 = Release|Any CPU
	EndGlobalSection
	GlobalSection(SolutionProperties) = preSolution
		HideSolutionNode = FALSE
	EndGlobalSection
	GlobalSection(ExtensibilityGlobals) = postSolution
		SolutionGuid = {A9EC8D7C-3AA6-49E2-8C03-D2D45C8E4265}
	EndGlobalSection
EndGlobal
